github.com/davecheney/gpio v0.0.0-20160912024957-a6de66e7e470 h1:pw35WQPA7J4mJlRHfDlNdD5o3ykHpWGuwyLnT6kv1fU=
github.com/davecheney/gpio v0.0.0-20160912024957-a6de66e7e470/go.mod h1:43PwoPhLiAtAufKfF2PL7uav7KfyIXgGKqlcXPpvMAo=
github.com/fatih/color v1.7.0 h1:DkWD4oS2D8LGGgTQ6IvwJJXSL5Vp2ffcQg58nFV38Ys=
github.com/fatih/color v1.7.0/go.mod h1:Zm6kSWBoL9eyXnKyktHP6abPY2pDugNf5KwzbycvMj4=
github.com/mattn/go-colorable v0.1.2 h1:/bC9yWikZXAL9uJdulbSfyVNIR3n3trXl+v8+1sx8mU=
github.com/mattn/go-colorable v0.1.2/go.mod h1:U0ppj6V5qS13XJ6of8GYAs25YV2eR4EVcfRqFIhoBtE=
github.com/mattn/go-isatty v0.0.8 h1:HLtExJ+uU2HOZ+wI0Tt5DtUDrx8yhUqDcp7fYERX4CE=
github.com/mattn/go-isatty v0.0.8/go.mod h1:Iq45c/XA43vh69/j3iqttzPXn0bhXyGjM0Hdxcsrc5s=
github.com/mrmorphic/hwio v0.0.0-20180519033216-11ea3f481a14 h1:Ydoe3Zh7ZUyGK6POjNahuwN/bpVkaPtCpqNoCkrQtAU=
github.com/mrmorphic/hwio v0.0.0-20180519033216-11ea3f481a14/go.mod h1:Z3CHhCfKg+qeDJsQgvlhJeI61Lmjt2KE9PUSgL3LDLM=
github.com/pkg/errors v0.8.1 h1:iURUrRGxPUNPdy5/HRSm+Yj6okJ6UtLINN0Q9M4+h3I=
github.com/pkg/errors v0.8.1/go.mod h1:bwawxfHBFNV+L2hUp1rHADufV3IMtnDRdf1r5NINEl0=
github.com/sjhitchner/gpio v0.0.0-20160912024957-a6de66e7e470 h1:Auypc1Sh4/bxNwTRkQZwCgCathm+3qGDyU5khqeVKi4=
github.com/sjhitchner/gpio v0.0.0-20160912024957-a6de66e7e470/go.mod h1:xU2AEdJ7bIorOz7zQviBuyiYRo9ZNeNtkUBe2mGc5x8=
github.com/sjhitchner/gpio v0.0.0-20190718005458-54c32f9f2938 h1:kddEMcEPK3ex9A/3yPgEkiClDISHXjIQGi/eRn18QKw=
github.com/sjhitchner/gpio v0.0.0-20190718005458-54c32f9f2938/go.mod h1:xU2AEdJ7bIorOz7zQviBuyiYRo9ZNeNtkUBe2mGc5x8=
golang.org/x/sys v0.0.0-20190222072716-a9d3bda3a223 h1:DH4skfRX4EBpamg7iV4ZlCpblAHI6s6TDM39bFZumv8=
golang.org/x/sys v0.0.0-20190222072716-a9d3bda3a223/go.mod h1:STP8DvDyc/dI5b8T5hshtkjS+E42TnysNCUPdjciGhY=
periph.io/x/periph v3.4.0+incompatible h1:5gzxE4ryPq52cdqSw0mErR6pyJK8cBF2qdUAcOWh0bo=
periph.io/x/periph v3.4.0+incompatible/go.mod h1:EWr+FCIU2dBWz5/wSWeiIUJTriYv9v2j2ENBmgYyy7Y=
